
Microsoft Visual Studio Solution File, Format Version 12.00
# Visual Studio Version 16
VisualStudioVersion = 16.0.28922.388
MinimumVisualStudioVersion = 10.0.40219.1
Project("{9A19103F-16F7-4668-BE54-9A1E7A4F7556}") = "fReverseProxy", "fReverseProxy\fReverseProxy.csproj", "{FA01BCEA-B892-44D1-81A4-20D307EA8F2E}"
EndProject
Global
	GlobalSection(SolutionConfigurationPlatforms) = preSolution
		Debug|Any CPU = Debug|Any CPU
		Release|Any CPU = Release|Any CPU
	EndGlobalSection
	GlobalSection(ProjectConfigurationPlatforms) = postSolution
		{FA01BCEA-B892-44D1-81A4-20D307EA8F2E}.Debug|Any CPU.ActiveCfg = Debug|Any CPU
		{FA01BCEA-B892-44D1-81A4-20D307EA8F2E}.Debug|Any CPU.Build.0 = Debug|Any CPU
		{FA01BCEA-B892-44D1-81A4-20D307EA8F2E}.Release|Any CPU.ActiveCfg = Release|Any CPU
		{FA01BCEA-B892-44D1-81A4-20D307EA8F2E}.Release|Any CPU.Build.0 = Release|Any CPU
	EndGlobalSection
	GlobalSection(SolutionProperties) = preSolution
		HideSolutionNode = FALSE
	EndGlobalSection
	GlobalSection(ExtensibilityGlobals) = postSolution
		SolutionGuid = {EBCF354B-55D2-4520-94B8-3FB63F6A9C8E}
	EndGlobalSection
EndGlobal
